// !$*UTF8*$!
{
	archiveVersion = 1;
	classes = {
	};
	objectVersion = 46;
	objects = {

/* Begin PBXBuildFile section */
		C2BE2D551D36411C00386C52 /* AppDelegate.swift in Sources */ = {isa = PBXBuildFile; fileRef = C2BE2D541D36411C00386C52 /* AppDelegate.swift */; };
		C2BE2D5A1D36411C00386C52 /* Main.storyboard in Resources */ = {isa = PBXBuildFile; fileRef = C2BE2D581D36411C00386C52 /* Main.storyboard */; };
		C2BE2D5C1D36411C00386C52 /* Assets.xcassets in Resources */ = {isa = PBXBuildFile; fileRef = C2BE2D5B1D36411C00386C52 /* Assets.xcassets */; };
		C2BE2D5F1D36411C00386C52 /* LaunchScreen.storyboard in Resources */ = {isa = PBXBuildFile; fileRef = C2BE2D5D1D36411C00386C52 /* LaunchScreen.storyboard */; };
		C2BE2D671D36429B00386C52 /* FoodTableViewController.swift in Sources */ = {isa = PBXBuildFile; fileRef = C2BE2D661D36429B00386C52 /* FoodTableViewController.swift */; };
		C2BE2D691D3765FC00386C52 /* FoodTableViewCell.swift in Sources */ = {isa = PBXBuildFile; fileRef = C2BE2D681D3765FC00386C52 /* FoodTableViewCell.swift */; };
		C2BE2D6B1D37764F00386C52 /* CustomColors.swift in Sources */ = {isa = PBXBuildFile; fileRef = C2BE2D6A1D37764F00386C52 /* CustomColors.swift */; };
/* End PBXBuildFile section */

/* Begin PBXFileReference section */
		C2BE2D511D36411C00386C52 /* Project 04 PrototypeCell.app */ = {isa = PBXFileReference; explicitFileType = wrapper.application; includeInIndex = 0; path = "Project 04 PrototypeCell.app"; sourceTree = BUILT_PRODUCTS_DIR; };
		C2BE2D541D36411C00386C52 /* AppDelegate.swift */ = {isa = PBXFileReference; lastKnownFileType = sourcecode.swift; path = AppDelegate.swift; sourceTree = "<group>"; };
		C2BE2D591D36411C00386C52 /* Base */ = {isa = PBXFileReference; lastKnownFileType = file.storyboard; name = Base; path = Base.lproj/Main.storyboard; sourceTree = "<group>"; };
		C2BE2D5B1D36411C00386C52 /* Assets.xcassets */ = {isa = PBXFileReference; lastKnownFileType = folder.assetcatalog; path = Assets.xcassets; sourceTree = "<group>"; };
		C2BE2D5E1D36411C00386C52 /* Base */ = {isa = PBXFileReference; lastKnownFileType = file.storyboard; name = Base; path = Base.lproj/LaunchScreen.storyboard; sourceTree = "<group>"; };
		C2BE2D601D36411C00386C52 /* Info.plist */ = {isa = PBXFileReference; lastKnownFileType = text.plist.xml; path = Info.plist; sourceTree = "<group>"; };
		C2BE2D661D36429B00386C52 /* FoodTableViewController.swift */ = {isa = PBXFileReference; fileEncoding = 4; lastKnownFileType = sourcecode.swift; path = FoodTableViewController.swift; sourceTree = "<group>"; };
		C2BE2D681D3765FC00386C52 /* FoodTableViewCell.swift */ = {isa = PBXFileReference; fileEncoding = 4; lastKnownFileType = sourcecode.swift; path = FoodTableViewCell.swift; sourceTree = "<group>"; };
		C2BE2D6A1D37764F00386C52 /* CustomColors.swift */ = {isa = PBXFileReference; fileEncoding = 4; lastKnownFileType = sourcecode.swift; path = CustomColors.swift; sourceTree = "<group>"; };
/* End PBXFileReference section */

/* Begin PBXFrameworksBuildPhase section */
		C2BE2D4E1D36411C00386C52 /* Frameworks */ = {
			isa = PBXFrameworksBuildPhase;
			buildActionMask = 2147483647;
			files = (
			);
			runOnlyForDeploymentPostprocessing = 0;
		};
/* End PBXFrameworksBuildPhase section */

/* Begin PBXGroup section */
		C2BE2D481D36411C00386C52 = {
			isa = PBXGroup;
			children = (
				C2BE2D531D36411C00386C52 /* Project 04 PrototypeCell */,
				C2BE2D521D36411C00386C52 /* Products */,
			);
			sourceTree = "<group>";
		};
		C2BE2D521D36411C00386C52 /* Products */ = {
			isa = PBXGroup;
			children = (
				C2BE2D511D36411C00386C52 /* Project 04 PrototypeCell.app */,
			);
			name = Products;
			sourceTree = "<group>";
		};
		C2BE2D531D36411C00386C52 /* Project 04 PrototypeCell */ = {
			isa = PBXGroup;
			children = (
				C2BE2D541D36411C00386C52 /* AppDelegate.swift */,
				C2BE2D581D36411C00386C52 /* Main.storyboard */,
				C2BE2D5B1D36411C00386C52 /* Assets.xcassets */,
				C2BE2D5D1D36411C00386C52 /* LaunchScreen.storyboard */,
				C2BE2D601D36411C00386C52 /* Info.plist */,
				C2BE2D661D36429B00386C52 /* FoodTableViewController.swift */,
				C2BE2D681D3765FC00386C52 /* FoodTableViewCell.swift */,
				C2BE2D6A1D37764F00386C52 /* CustomColors.swift */,
			);
			path = "Project 04 PrototypeCell";
			sourceTree = "<group>";
		};
/* End PBXGroup section */

/* Begin PBXNativeTarget section */
		C2BE2D501D36411C00386C52 /* Project 04 PrototypeCell */ = {
			isa = PBXNativeTarget;
			buildConfigurationList = C2BE2D631D36411C00386C52 /* Build configuration list for PBXNativeTarget "Project 04 PrototypeCell" */;
			buildPhases = (
				C2BE2D4D1D36411C00386C52 /* Sources */,
				C2BE2D4E1D36411C00386C52 /* Frameworks */,
				C2BE2D4F1D36411C00386C52 /* Resources */,
			);
			buildRules = (
			);
			dependencies = (
			);
			name = "Project 04 PrototypeCell";
			productName = "Project 04 PrototypeCell";
			productReference = C2BE2D511D36411C00386C52 /* Project 04 PrototypeCell.app */;
			productType = "com.apple.product-type.application";
		};
/* End PBXNativeTarget section */

/* Begin PBXProject section */
		C2BE2D491D36411C00386C52 /* Project object */ = {
			isa = PBXProject;
			attributes = {
				LastSwiftUpdateCheck = 0730;
				LastUpgradeCheck = 0730;
				ORGANIZATIONNAME = "Chi Kuo";
				TargetAttributes = {
					C2BE2D501D36411C00386C52 = {
						CreatedOnToolsVersion = 7.3.1;
					};
				};
			};
			buildConfigurationList = C2BE2D4C1D36411C00386C52 /* Build configuration list for PBXProject "Project 04 PrototypeCell" */;
			compatibilityVersion = "Xcode 3.2";
			developmentRegion = English;
			hasScannedForEncodings = 0;
			knownRegions = (
				en,
				Base,
			);
			mainGroup = C2BE2D481D36411C00386C52;
			productRefGroup = C2BE2D521D36411C00386C52 /* Products */;
			projectDirPath = "";
			projectRoot = "";
			targets = (
				C2BE2D501D36411C00386C52 /* Project 04 PrototypeCell */,
			);
		};
/* End PBXProject section */

/* Begin PBXResourcesBuildPhase section */
		C2BE2D4F1D36411C00386C52 /* Resources */ = {
			isa = PBXResourcesBuildPhase;
			buildActionMask = 2147483647;
			files = (
				C2BE2D5F1D36411C00386C52 /* LaunchScreen.storyboard in Resources */,
				C2BE2D5C1D36411C00386C52 /* Assets.xcassets in Resources */,
				C2BE2D5A1D36411C00386C52 /* Main.storyboard in Resources */,
			);
			runOnlyForDeploymentPostprocessing = 0;
		};
/* End PBXResourcesBuildPhase section */

/* Begin PBXSourcesBuildPhase section */
		C2BE2D4D1D36411C00386C52 /* Sources */ = {
			isa = PBXSourcesBuildPhase;
			buildActionMask = 2147483647;
			files = (
				C2BE2D551D36411C00386C52 /* AppDelegate.swift in Sources */,
				C2BE2D671D36429B00386C52 /* FoodTableViewController.swift in Sources */,
				C2BE2D6B1D37764F00386C52 /* CustomColors.swift in Sources */,
				C2BE2D691D3765FC00386C52 /* FoodTableViewCell.swift in Sources */,
			);
			runOnlyForDeploymentPostprocessing = 0;
		};
/* End PBXSourcesBuildPhase section */

/* Begin PBXVariantGroup section */
		C2BE2D581D36411C00386C52 /* Main.storyboard */ = {
			isa = PBXVariantGroup;
			children = (
				C2BE2D591D36411C00386C52 /* Base */,
			);
			name = Main.storyboard;
			sourceTree = "<group>";
		};
		C2BE2D5D1D36411C00386C52 /* LaunchScreen.storyboard */ = {
			isa = PBXVariantGroup;
			children = (
				C2BE2D5E1D36411C00386C52 /* Base */,
			);
			name = LaunchScreen.storyboard;
			sourceTree = "<group>";
		};
/* End PBXVariantGroup section */

/* Begin XCBuildConfiguration section */
		C2BE2D611D36411C00386C52 /* Debug */ = {
			isa = XCBuildConfiguration;
			buildSettings = {
				ALWAYS_SEARCH_USER_PATHS = NO;
				CLANG_ANALYZER_NONNULL = YES;
				CLANG_CXX_LANGUAGE_STANDARD = "gnu++0x";
				CLANG_CXX_LIBRARY = "libc++";
				CLANG_ENABLE_MODULES = YES;
				CLANG_ENABLE_OBJC_ARC = YES;
				CLANG_WARN_BOOL_CONVERSION = YES;
				CLANG_WARN_CONSTANT_CONVERSION = YES;
				CLANG_WARN_DIRECT_OBJC_ISA_USAGE = YES_ERROR;
				CLANG_WARN_EMPTY_BODY = YES;
				CLANG_WARN_ENUM_CONVERSION = YES;
				CLANG_WARN_INT_CONVERSION = YES;
				CLANG_WARN_OBJC_ROOT_CLASS = YES_ERROR;
				CLANG_WARN_UNREACHABLE_CODE = YES;
				CLANG_WARN__DUPLICATE_METHOD_MATCH = YES;
				"CODE_SIGN_IDENTITY[sdk=iphoneos*]" = "iPhone Developer";
				COPY_PHASE_STRIP = NO;
				DEBUG_INFORMATION_FORMAT = dwarf;
				ENABLE_STRICT_OBJC_MSGSEND = YES;
				ENABLE_TESTABILITY = YES;
				GCC_C_LANGUAGE_STANDARD = gnu99;
				GCC_DYNAMIC_NO_PIC = NO;
				GCC_NO_COMMON_BLOCKS = YES;
				GCC_OPTIMIZATION_LEVEL = 0;
				GCC_PREPROCESSOR_DEFINITIONS = (
					"DEBUG=1",
					"$(inherited)",
				);
				GCC_WARN_64_TO_32_BIT_CONVERSION = YES;
				GCC_WARN_ABOUT_RETURN_TYPE = YES_ERROR;
				GCC_WARN_UNDECLARED_SELECTOR = YES;
				GCC_WARN_UNINITIALIZED_AUTOS = YES_AGGRESSIVE;
				GCC_WARN_UNUSED_FUNCTION = YES;
				GCC_WARN_UNUSED_VARIABLE = YES;
				IPHONEOS_DEPLOYMENT_TARGET = 9.3;
				MTL_ENABLE_DEBUG_INFO = YES;
				ONLY_ACTIVE_ARCH = YES;
				SDKROOT = iphoneos;
				SWIFT_OPTIMIZATION_LEVEL = "-Onone";
				TARGETED_DEVICE_FAMILY = "1,2";
			};
			name = Debug;
		};
		C2BE2D621D36411C00386C52 /* Release */ = {
			isa = XCBuildConfiguration;
			buildSettings = {
				ALWAYS_SEARCH_USER_PATHS = NO;
				CLANG_ANALYZER_NONNULL = YES;
				CLANG_CXX_LANGUAGE_STANDARD = "gnu++0x";
				CLANG_CXX_LIBRARY = "libc++";
				CLANG_ENABLE_MODULES = YES;
				CLANG_ENABLE_OBJC_ARC = YES;
				CLANG_WARN_BOOL_CONVERSION = YES;
				CLANG_WARN_CONSTANT_CONVERSION = YES;
				CLANG_WARN_DIRECT_OBJC_ISA_USAGE = YES_ERROR;
				CLANG_WARN_EMPTY_BODY = YES;
				CLANG_WARN_ENUM_CONVERSION = YES;
				CLANG_WARN_INT_CONVERSION = YES;
				CLANG_WARN_OBJC_ROOT_CLASS = YES_ERROR;
				CLANG_WARN_UNREACHABLE_CODE = YES;
				CLANG_WARN__DUPLICATE_METHOD_MATCH = YES;
				"CODE_SIGN_IDENTITY[sdk=iphoneos*]" = "iPhone Developer";
				COPY_PHASE_STRIP = NO;
				DEBUG_INFORMATION_FORMAT = "dwarf-with-dsym";
				ENABLE_NS_ASSERTIONS = NO;
				ENABLE_STRICT_OBJC_MSGSEND = YES;
				GCC_C_LANGUAGE_STANDARD = gnu99;
				GCC_NO_COMMON_BLOCKS = YES;
				GCC_WARN_64_TO_32_BIT_CONVERSION = YES;
				GCC_WARN_ABOUT_RETURN_TYPE = YES_ERROR;
				GCC_WARN_UNDECLARED_SELECTOR = YES;
				GCC_WARN_UNINITIALIZED_AUTOS = YES_AGGRESSIVE;
				GCC_WARN_UNUSED_FUNCTION = YES;
				GCC_WARN_UNUSED_VARIABLE = YES;
				IPHONEOS_DEPLOYMENT_TARGET = 9.3;
				MTL_ENABLE_DEBUG_INFO = NO;
				SDKROOT = iphoneos;
				TARGETED_DEVICE_FAMILY = "1,2";
				VALIDATE_PRODUCT = YES;
			};
			name = Release;
		};
		C2BE2D641D36411C00386C52 /* Debug */ = {
			isa = XCBuildConfiguration;
			buildSettings = {
				ASSETCATALOG_COMPILER_APPICON_NAME = AppIcon;
				INFOPLIST_FILE = "Project 04 PrototypeCell/Info.plist";
				LD_RUNPATH_SEARCH_PATHS = "$(inherited) @executable_path/Frameworks";
				PRODUCT_BUNDLE_IDENTIFIER = "tw.chikuo.Project-04-PrototypeCell";
				PRODUCT_NAME = "$(TARGET_NAME)";
			};
			name = Debug;
		};
		C2BE2D651D36411C00386C52 /* Release */ = {
			isa = XCBuildConfiguration;
			buildSettings = {
				ASSETCATALOG_COMPILER_APPICON_NAME = AppIcon;
				INFOPLIST_FILE = "Project 04 PrototypeCell/Info.plist";
				LD_RUNPATH_SEARCH_PATHS = "$(inherited) @executable_path/Frameworks";
				PRODUCT_BUNDLE_IDENTIFIER = "tw.chikuo.Project-04-PrototypeCell";
				PRODUCT_NAME = "$(TARGET_NAME)";
			};
			name = Release;
		};
/* End XCBuildConfiguration section */

/* Begin XCConfigurationList section */
		C2BE2D4C1D36411C00386C52 /* Build configuration list for PBXProject "Project 04 PrototypeCell" */ = {
			isa = XCConfigurationList;
			buildConfigurations = (
				C2BE2D611D36411C00386C52 /* Debug */,
				C2BE2D621D36411C00386C52 /* Release */,
			);
			defaultConfigurationIsVisible = 0;
			defaultConfigurationName = Release;
		};
		C2BE2D631D36411C00386C52 /* Build configuration list for PBXNativeTarget "Project 04 PrototypeCell" */ = {
			isa = XCConfigurationList;
			buildConfigurations = (
				C2BE2D641D36411C00386C52 /* Debug */,
				C2BE2D651D36411C00386C52 /* Release */,
			);
			defaultConfigurationIsVisible = 0;
			defaultConfigurationName = Release;
		};
/* End XCConfigurationList section */
	};
	rootObject = C2BE2D491D36411C00386C52 /* Project object */;
}
